
Microsoft Visual Studio Solution File, Format Version 12.00
# Visual Studio Version 17
VisualStudioVersion = 17.4.33110.190
MinimumVisualStudioVersion = 10.0.40219.1
Project("{FAE04EC0-301F-11D3-BF4B-00C04F79EFBC}") = "Sender", "Sender\Sender.csproj", "{307120B0-FDB7-4006-AE55-184A7AB7DE5C}"
EndProject
Project("{FAE04EC0-301F-11D3-BF4B-00C04F79EFBC}") = "Receiver", "Receiver\Receiver.csproj", "{78A63CC2-B1D7-48B3-91F5-E402847EB608}"
EndProject
Global
	GlobalSection(SolutionConfigurationPlatforms) = preSolution
		Debug|Any CPU = Debug|Any CPU
		Release|Any CPU = Release|Any CPU
	EndGlobalSection
	GlobalSection(ProjectConfigurationPlatforms) = postSolution
		{307120B0-FDB7-4006-AE55-184A7AB7DE5C}.Debug|Any CPU.ActiveCfg = Debug|Any CPU
		{307120B0-FDB7-4006-AE55-184A7AB7DE5C}.Debug|Any CPU.Build.0 = Debug|Any CPU
		{307120B0-FDB7-4006-AE55-184A7AB7DE5C}.Release|Any CPU.ActiveCfg = Release|Any CPU
		{307120B0-FDB7-4006-AE55-184A7AB7DE5C}.Release|Any CPU.Build.0 = Release|Any CPU
		{78A63CC2-B1D7-48B3-91F5-E402847EB608}.Debug|Any CPU.ActiveCfg = Debug|Any CPU
		{78A63CC2-B1D7-48B3-91F5-E402847EB608}.Debug|Any CPU.Build.0 = Debug|Any CPU
		{78A63CC2-B1D7-48B3-91F5-E402847EB608}.Release|Any CPU.ActiveCfg = Release|Any CPU
		{78A63CC2-B1D7-48B3-91F5-E402847EB608}.Release|Any CPU.Build.0 = Release|Any CPU
	EndGlobalSection
	GlobalSection(SolutionProperties) = preSolution
		HideSolutionNode = FALSE
	EndGlobalSection
	GlobalSection(ExtensibilityGlobals) = postSolution
		SolutionGuid = {8B221C13-0C50-4A40-98F6-75D8F49DC311}
	EndGlobalSection
EndGlobal
